
Microsoft Visual Studio Solution File, Format Version 12.00
# Visual Studio 2012
Project("{FAE04EC0-301F-11D3-BF4B-00C04F79EFBC}") = "MvcForAjaxApp", "MvcForAjaxApp\MvcForAjaxApp.csproj", "{4C0C8310-BCBA-4031-BE1F-338109C76B2B}"
EndProject
Global
	GlobalSection(SolutionConfigurationPlatforms) = preSolution
		Debug|Any CPU = Debug|Any CPU
		Release|Any CPU = Release|Any CPU
	EndGlobalSection
	GlobalSection(ProjectConfigurationPlatforms) = postSolution
		{4C0C8310-BCBA-4031-BE1F-338109C76B2B}.Debug|Any CPU.ActiveCfg = Debug|Any CPU
		{4C0C8310-BCBA-4031-BE1F-338109C76B2B}.Debug|Any CPU.Build.0 = Debug|Any CPU
		{4C0C8310-BCBA-4031-BE1F-338109C76B2B}.Release|Any CPU.ActiveCfg = Release|Any CPU
		{4C0C8310-BCBA-4031-BE1F-338109C76B2B}.Release|Any CPU.Build.0 = Release|Any CPU
	EndGlobalSection
	GlobalSection(SolutionProperties) = preSolution
		HideSolutionNode = FALSE
	EndGlobalSection
EndGlobal
